
Microsoft Visual Studio Solution File, Format Version 12.00
# Visual Studio Version 16
VisualStudioVersion = 16.0.31205.134
MinimumVisualStudioVersion = 10.0.40219.1
Project("{9A19103F-16F7-4668-BE54-9A1E7A4F7556}") = "Entities", "Entities\Entities.csproj", "{D26458B0-8170-4FE8-ADF5-5488FD4F2C85}"
EndProject
Project("{9A19103F-16F7-4668-BE54-9A1E7A4F7556}") = "DataAccess", "DataAccess\DataAccess.csproj", "{08E8EFC8-6F8A-4F60-A87F-681FBE2C0683}"
EndProject
Project("{9A19103F-16F7-4668-BE54-9A1E7A4F7556}") = "Business", "Business\Business.csproj", "{C7C691F4-3EE1-409E-94E0-B2AC9DBC40DD}"
EndProject
Project("{9A19103F-16F7-4668-BE54-9A1E7A4F7556}") = "ConsoleUI", "ConsoleUI\ConsoleUI.csproj", "{90C42C1E-C8F2-4A85-A0CF-EAA31ED4F6E6}"
EndProject
Project("{9A19103F-16F7-4668-BE54-9A1E7A4F7556}") = "Core", "Core\Core.csproj", "{CA820A7B-29B2-4639-93F3-C70409007B41}"
EndProject
Project("{FAE04EC0-301F-11D3-BF4B-00C04F79EFBC}") = "WebAPI", "WebAPI\WebAPI.csproj", "{0CFE0961-A548-48A7-9B42-95094FA2D046}"
EndProject
Global
	GlobalSection(SolutionConfigurationPlatforms) = preSolution
		Debug|Any CPU = Debug|Any CPU
		Release|Any CPU = Release|Any CPU
	EndGlobalSection
	GlobalSection(ProjectConfigurationPlatforms) = postSolution
		{D26458B0-8170-4FE8-ADF5-5488FD4F2C85}.Debug|Any CPU.ActiveCfg = Debug|Any CPU
		{D26458B0-8170-4FE8-ADF5-5488FD4F2C85}.Debug|Any CPU.Build.0 = Debug|Any CPU
		{D26458B0-8170-4FE8-ADF5-5488FD4F2C85}.Release|Any CPU.ActiveCfg = Release|Any CPU
		{D26458B0-8170-4FE8-ADF5-5488FD4F2C85}.Release|Any CPU.Build.0 = Release|Any CPU
		{08E8EFC8-6F8A-4F60-A87F-681FBE2C0683}.Debug|Any CPU.ActiveCfg = Debug|Any CPU
		{08E8EFC8-6F8A-4F60-A87F-681FBE2C0683}.Debug|Any CPU.Build.0 = Debug|Any CPU
		{08E8EFC8-6F8A-4F60-A87F-681FBE2C0683}.Release|Any CPU.ActiveCfg = Release|Any CPU
		{08E8EFC8-6F8A-4F60-A87F-681FBE2C0683}.Release|Any CPU.Build.0 = Release|Any CPU
		{C7C691F4-3EE1-409E-94E0-B2AC9DBC40DD}.Debug|Any CPU.ActiveCfg = Debug|Any CPU
		{C7C691F4-3EE1-409E-94E0-B2AC9DBC40DD}.Debug|Any CPU.Build.0 = Debug|Any CPU
		{C7C691F4-3EE1-409E-94E0-B2AC9DBC40DD}.Release|Any CPU.ActiveCfg = Release|Any CPU
		{C7C691F4-3EE1-409E-94E0-B2AC9DBC40DD}.Release|Any CPU.Build.0 = Release|Any CPU
		{90C42C1E-C8F2-4A85-A0CF-EAA31ED4F6E6}.Debug|Any CPU.ActiveCfg = Debug|Any CPU
		{90C42C1E-C8F2-4A85-A0CF-EAA31ED4F6E6}.Debug|Any CPU.Build.0 = Debug|Any CPU
		{90C42C1E-C8F2-4A85-A0CF-EAA31ED4F6E6}.Release|Any CPU.ActiveCfg = Release|Any CPU
		{90C42C1E-C8F2-4A85-A0CF-EAA31ED4F6E6}.Release|Any CPU.Build.0 = Release|Any CPU
		{CA820A7B-29B2-4639-93F3-C70409007B41}.Debug|Any CPU.ActiveCfg = Debug|Any CPU
		{CA820A7B-29B2-4639-93F3-C70409007B41}.Debug|Any CPU.Build.0 = Debug|Any CPU
		{CA820A7B-29B2-4639-93F3-C70409007B41}.Release|Any CPU.ActiveCfg = Release|Any CPU
		{CA820A7B-29B2-4639-93F3-C70409007B41}.Release|Any CPU.Build.0 = Release|Any CPU
		{0CFE0961-A548-48A7-9B42-95094FA2D046}.Debug|Any CPU.ActiveCfg = Debug|Any CPU
		{0CFE0961-A548-48A7-9B42-95094FA2D046}.Debug|Any CPU.Build.0 = Debug|Any CPU
		{0CFE0961-A548-48A7-9B42-95094FA2D046}.Release|Any CPU.ActiveCfg = Release|Any CPU
		{0CFE0961-A548-48A7-9B42-95094FA2D046}.Release|Any CPU.Build.0 = Release|Any CPU
	EndGlobalSection
	GlobalSection(SolutionProperties) = preSolution
		HideSolutionNode = FALSE
	EndGlobalSection
	GlobalSection(ExtensibilityGlobals) = postSolution
		SolutionGuid = {948C1370-2445-4131-90FE-DF5E6BF599D4}
	EndGlobalSection
EndGlobal
